
Microsoft Visual Studio Solution File, Format Version 12.00
# Visual Studio Version 17
VisualStudioVersion = 17.2.32616.157
MinimumVisualStudioVersion = 10.0.40219.1
Project("{FAE04EC0-301F-11D3-BF4B-00C04F79EFBC}") = "xuanfengchuanti", "xuanfengchuanti.csproj", "{24B8C0E5-4C0B-4312-9106-7238E7F3D2AB}"
EndProject
Global
	GlobalSection(SolutionConfigurationPlatforms) = preSolution
		Debug|Any CPU = Debug|Any CPU
		Release|Any CPU = Release|Any CPU
	EndGlobalSection
	GlobalSection(ProjectConfigurationPlatforms) = postSolution
		{24B8C0E5-4C0B-4312-9106-7238E7F3D2AB}.Debug|Any CPU.ActiveCfg = Debug|Any CPU
		{24B8C0E5-4C0B-4312-9106-7238E7F3D2AB}.Debug|Any CPU.Build.0 = Debug|Any CPU
		{24B8C0E5-4C0B-4312-9106-7238E7F3D2AB}.Release|Any CPU.ActiveCfg = Release|Any CPU
		{24B8C0E5-4C0B-4312-9106-7238E7F3D2AB}.Release|Any CPU.Build.0 = Release|Any CPU
	EndGlobalSection
	GlobalSection(SolutionProperties) = preSolution
		HideSolutionNode = FALSE
	EndGlobalSection
	GlobalSection(ExtensibilityGlobals) = postSolution
		SolutionGuid = {836881CD-F0A5-450F-8B9F-24068175F5C8}
	EndGlobalSection
EndGlobal
